// !$*UTF8*$!
{
	archiveVersion = 1;
	classes = {
	};
	objectVersion = 77;
	objects = {

/* Begin PBXContainerItemProxy section */
		3C233D8B2F4F228000CB4EE9 /* PBXContainerItemProxy */ = {
			isa = PBXContainerItemProxy;
			containerPortal = 3C233D722F4F227E00CB4EE9 /* Project object */;
			proxyType = 1;
			remoteGlobalIDString = 3C233D792F4F227E00CB4EE9;
			remoteInfo = Vidarr;
		};
		3C233D952F4F228000CB4EE9 /* PBXContainerItemProxy */ = {
			isa = PBXContainerItemProxy;
			containerPortal = 3C233D722F4F227E00CB4EE9 /* Project object */;
			proxyType = 1;
			remoteGlobalIDString = 3C233D792F4F227E00CB4EE9;
			remoteInfo = Vidarr;
		};
/* End PBXContainerItemProxy section */

/* Begin PBXFileReference section */
		3C233D7A2F4F227E00CB4EE9 /* Vidarr.app */ = {isa = PBXFileReference; explicitFileType = wrapper.application; includeInIndex = 0; path = Vidarr.app; sourceTree = BUILT_PRODUCTS_DIR; };
		3C233D8A2F4F228000CB4EE9 /* VidarrTests.xctest */ = {isa = PBXFileReference; explicitFileType = wrapper.cfbundle; includeInIndex = 0; path = VidarrTests.xctest; sourceTree = BUILT_PRODUCTS_DIR; };
		3C233D942F4F228000CB4EE9 /* VidarrUITests.xctest */ = {isa = PBXFileReference; explicitFileType = wrapper.cfbundle; includeInIndex = 0; path = VidarrUITests.xctest; sourceTree = BUILT_PRODUCTS_DIR; };
/* End PBXFileReference section */

/* Begin PBXFileSystemSynchronizedRootGroup section */
		3C233D7C2F4F227E00CB4EE9 /* Vidarr */ = {
			isa = PBXFileSystemSynchronizedRootGroup;
			path = Vidarr;
			sourceTree = "<group>";
		};
		3C233D8D2F4F228000CB4EE9 /* VidarrTests */ = {
			isa = PBXFileSystemSynchronizedRootGroup;
			path = VidarrTests;
			sourceTree = "<group>";
		};
		3C233D972F4F228000CB4EE9 /* VidarrUITests */ = {
			isa = PBXFileSystemSynchronizedRootGroup;
			path = VidarrUITests;
			sourceTree = "<group>";
		};
/* End PBXFileSystemSynchronizedRootGroup section */

/* Begin PBXFrameworksBuildPhase section */
		3C233D772F4F227E00CB4EE9 /* Frameworks */ = {
			isa = PBXFrameworksBuildPhase;
			buildActionMask = 2147483647;
			files = (
			);
			runOnlyForDeploymentPostprocessing = 0;
		};
		3C233D872F4F228000CB4EE9 /* Frameworks */ = {
			isa = PBXFrameworksBuildPhase;
			buildActionMask = 2147483647;
			files = (
			);
			runOnlyForDeploymentPostprocessing = 0;
		};
		3C233D912F4F228000CB4EE9 /* Frameworks */ = {
			isa = PBXFrameworksBuildPhase;
			buildActionMask = 2147483647;
			files = (
			);
			runOnlyForDeploymentPostprocessing = 0;
		};
/* End PBXFrameworksBuildPhase section */

/* Begin PBXGroup section */
		3C233D712F4F227E00CB4EE9 = {
			isa = PBXGroup;
			children = (
				3C233D7C2F4F227E00CB4EE9 /* Vidarr */,
				3C233D8D2F4F228000CB4EE9 /* VidarrTests */,
				3C233D972F4F228000CB4EE9 /* VidarrUITests */,
				3C233D7B2F4F227E00CB4EE9 /* Products */,
			);
			sourceTree = "<group>";
		};
		3C233D7B2F4F227E00CB4EE9 /* Products */ = {
			isa = PBXGroup;
			children = (
				3C233D7A2F4F227E00CB4EE9 /* Vidarr.app */,
				3C233D8A2F4F228000CB4EE9 /* VidarrTests.xctest */,
				3C233D942F4F228000CB4EE9 /* VidarrUITests.xctest */,
			);
			name = Products;
			sourceTree = "<group>";
		};
/* End PBXGroup section */

/* Begin PBXNativeTarget section */
		3C233D792F4F227E00CB4EE9 /* Vidarr */ = {
			isa = PBXNativeTarget;
			buildConfigurationList = 3C233D9E2F4F228000CB4EE9 /* Build configuration list for PBXNativeTarget "Vidarr" */;
			buildPhases = (
				3C233D762F4F227E00CB4EE9 /* Sources */,
				3C233D772F4F227E00CB4EE9 /* Frameworks */,
				3C233D782F4F227E00CB4EE9 /* Resources */,
			);
			buildRules = (
			);
			dependencies = (
			);
			fileSystemSynchronizedGroups = (
				3C233D7C2F4F227E00CB4EE9 /* Vidarr */,
			);
			name = Vidarr;
			packageProductDependencies = (
			);
			productName = Vidarr;
			productReference = 3C233D7A2F4F227E00CB4EE9 /* Vidarr.app */;
			productType = "com.apple.product-type.application";
		};
		3C233D892F4F228000CB4EE9 /* VidarrTests */ = {
			isa = PBXNativeTarget;
			buildConfigurationList = 3C233DA12F4F228000CB4EE9 /* Build configuration list for PBXNativeTarget "VidarrTests" */;
			buildPhases = (
				3C233D862F4F228000CB4EE9 /* Sources */,
				3C233D872F4F228000CB4EE9 /* Frameworks */,
				3C233D882F4F228000CB4EE9 /* Resources */,
			);
			buildRules = (
			);
			dependencies = (
				3C233D8C2F4F228000CB4EE9 /* PBXTargetDependency */,
			);
			fileSystemSynchronizedGroups = (
				3C233D8D2F4F228000CB4EE9 /* VidarrTests */,
			);
			name = VidarrTests;
			packageProductDependencies = (
			);
			productName = VidarrTests;
			productReference = 3C233D8A2F4F228000CB4EE9 /* VidarrTests.xctest */;
			productType = "com.apple.product-type.bundle.unit-test";
		};
		3C233D932F4F228000CB4EE9 /* VidarrUITests */ = {
			isa = PBXNativeTarget;
			buildConfigurationList = 3C233DA42F4F228000CB4EE9 /* Build configuration list for PBXNativeTarget "VidarrUITests" */;
			buildPhases = (
				3C233D902F4F228000CB4EE9 /* Sources */,
				3C233D912F4F228000CB4EE9 /* Frameworks */,
				3C233D922F4F228000CB4EE9 /* Resources */,
			);
			buildRules = (
			);
			dependencies = (
				3C233D962F4F228000CB4EE9 /* PBXTargetDependency */,
			);
			fileSystemSynchronizedGroups = (
				3C233D972F4F228000CB4EE9 /* VidarrUITests */,
			);
			name = VidarrUITests;
			packageProductDependencies = (
			);
			productName = VidarrUITests;
			productReference = 3C233D942F4F228000CB4EE9 /* VidarrUITests.xctest */;
			productType = "com.apple.product-type.bundle.ui-testing";
		};
/* End PBXNativeTarget section */

/* Begin PBXProject section */
		3C233D722F4F227E00CB4EE9 /* Project object */ = {
			isa = PBXProject;
			attributes = {
				BuildIndependentTargetsInParallel = 1;
				LastSwiftUpdateCheck = 2620;
				LastUpgradeCheck = 2620;
				TargetAttributes = {
					3C233D792F4F227E00CB4EE9 = {
						CreatedOnToolsVersion = 26.2;
					};
					3C233D892F4F228000CB4EE9 = {
						CreatedOnToolsVersion = 26.2;
						TestTargetID = 3C233D792F4F227E00CB4EE9;
					};
					3C233D932F4F228000CB4EE9 = {
						CreatedOnToolsVersion = 26.2;
						TestTargetID = 3C233D792F4F227E00CB4EE9;
					};
				};
			};
			buildConfigurationList = 3C233D752F4F227E00CB4EE9 /* Build configuration list for PBXProject "Vidarr" */;
			developmentRegion = en;
			hasScannedForEncodings = 0;
			knownRegions = (
				en,
				Base,
			);
			mainGroup = 3C233D712F4F227E00CB4EE9;
			minimizedProjectReferenceProxies = 1;
			preferredProjectObjectVersion = 77;
			productRefGroup = 3C233D7B2F4F227E00CB4EE9 /* Products */;
			projectDirPath = "";
			projectRoot = "";
			targets = (
				3C233D792F4F227E00CB4EE9 /* Vidarr */,
				3C233D892F4F228000CB4EE9 /* VidarrTests */,
				3C233D932F4F228000CB4EE9 /* VidarrUITests */,
			);
		};
/* End PBXProject section */

/* Begin PBXResourcesBuildPhase section */
		3C233D782F4F227E00CB4EE9 /* Resources */ = {
			isa = PBXResourcesBuildPhase;
			buildActionMask = 2147483647;
			files = (
			);
			runOnlyForDeploymentPostprocessing = 0;
		};
		3C233D882F4F228000CB4EE9 /* Resources */ = {
			isa = PBXResourcesBuildPhase;
			buildActionMask = 2147483647;
			files = (
			);
			runOnlyForDeploymentPostprocessing = 0;
		};
		3C233D922F4F228000CB4EE9 /* Resources */ = {
			isa = PBXResourcesBuildPhase;
			buildActionMask = 2147483647;
			files = (
			);
			runOnlyForDeploymentPostprocessing = 0;
		};
/* End PBXResourcesBuildPhase section */

/* Begin PBXSourcesBuildPhase section */
		3C233D762F4F227E00CB4EE9 /* Sources */ = {
			isa = PBXSourcesBuildPhase;
			buildActionMask = 2147483647;
			files = (
			);
			runOnlyForDeploymentPostprocessing = 0;
		};
		3C233D862F4F228000CB4EE9 /* Sources */ = {
			isa = PBXSourcesBuildPhase;
			buildActionMask = 2147483647;
			files = (
			);
			runOnlyForDeploymentPostprocessing = 0;
		};
		3C233D902F4F228000CB4EE9 /* Sources */ = {
			isa = PBXSourcesBuildPhase;
			buildActionMask = 2147483647;
			files = (
			);
			runOnlyForDeploymentPostprocessing = 0;
		};
/* End PBXSourcesBuildPhase section */

/* Begin PBXTargetDependency section */
		3C233D8C2F4F228000CB4EE9 /* PBXTargetDependency */ = {
			isa = PBXTargetDependency;
			target = 3C233D792F4F227E00CB4EE9 /* Vidarr */;
			targetProxy = 3C233D8B2F4F228000CB4EE9 /* PBXContainerItemProxy */;
		};
		3C233D962F4F228000CB4EE9 /* PBXTargetDependency */ = {
			isa = PBXTargetDependency;
			target = 3C233D792F4F227E00CB4EE9 /* Vidarr */;
			targetProxy = 3C233D952F4F228000CB4EE9 /* PBXContainerItemProxy */;
		};
/* End PBXTargetDependency section */

/* Begin XCBuildConfiguration section */
		3C233D9C2F4F228000CB4EE9 /* Debug */ = {
			isa = XCBuildConfiguration;
			buildSettings = {
				ALWAYS_SEARCH_USER_PATHS = NO;
				ASSETCATALOG_COMPILER_GENERATE_SWIFT_ASSET_SYMBOL_EXTENSIONS = YES;
				CLANG_ANALYZER_NONNULL = YES;
				CLANG_ANALYZER_NUMBER_OBJECT_CONVERSION = YES_AGGRESSIVE;
				CLANG_CXX_LANGUAGE_STANDARD = "gnu++20";
				CLANG_ENABLE_MODULES = YES;
				CLANG_ENABLE_OBJC_ARC = YES;
				CLANG_ENABLE_OBJC_WEAK = YES;
				CLANG_WARN_BLOCK_CAPTURE_AUTORELEASING = YES;
				CLANG_WARN_BOOL_CONVERSION = YES;
				CLANG_WARN_COMMA = YES;
				CLANG_WARN_CONSTANT_CONVERSION = YES;
				CLANG_WARN_DEPRECATED_OBJC_IMPLEMENTATIONS = YES;
				CLANG_WARN_DIRECT_OBJC_ISA_USAGE = YES_ERROR;
				CLANG_WARN_DOCUMENTATION_COMMENTS = YES;
				CLANG_WARN_EMPTY_BODY = YES;
				CLANG_WARN_ENUM_CONVERSION = YES;
				CLANG_WARN_INFINITE_RECURSION = YES;
				CLANG_WARN_INT_CONVERSION = YES;
				CLANG_WARN_NON_LITERAL_NULL_CONVERSION = YES;
				CLANG_WARN_OBJC_IMPLICIT_RETAIN_SELF = YES;
				CLANG_WARN_OBJC_LITERAL_CONVERSION = YES;
				CLANG_WARN_OBJC_ROOT_CLASS = YES_ERROR;
				CLANG_WARN_QUOTED_INCLUDE_IN_FRAMEWORK_HEADER = YES;
				CLANG_WARN_RANGE_LOOP_ANALYSIS = YES;
				CLANG_WARN_STRICT_PROTOTYPES = YES;
				CLANG_WARN_SUSPICIOUS_MOVE = YES;
				CLANG_WARN_UNGUARDED_AVAILABILITY = YES_AGGRESSIVE;
				CLANG_WARN_UNREACHABLE_CODE = YES;
				CLANG_WARN__DUPLICATE_METHOD_MATCH = YES;
				COPY_PHASE_STRIP = NO;
				DEBUG_INFORMATION_FORMAT = dwarf;
				DEVELOPMENT_TEAM = PA8WHP7G46;
				ENABLE_STRICT_OBJC_MSGSEND = YES;
				ENABLE_TESTABILITY = YES;
				ENABLE_USER_SCRIPT_SANDBOXING = YES;
				GCC_C_LANGUAGE_STANDARD = gnu17;
				GCC_DYNAMIC_NO_PIC = NO;
				GCC_NO_COMMON_BLOCKS = YES;
				GCC_OPTIMIZATION_LEVEL = 0;
				GCC_PREPROCESSOR_DEFINITIONS = (
					"DEBUG=1",
					"$(inherited)",
				);
				GCC_WARN_64_TO_32_BIT_CONVERSION = YES;
				GCC_WARN_ABOUT_RETURN_TYPE = YES_ERROR;
				GCC_WARN_UNDECLARED_SELECTOR = YES;
				GCC_WARN_UNINITIALIZED_AUTOS = YES_AGGRESSIVE;
				GCC_WARN_UNUSED_FUNCTION = YES;
				GCC_WARN_UNUSED_VARIABLE = YES;
				LOCALIZATION_PREFERS_STRING_CATALOGS = YES;
				MACOSX_DEPLOYMENT_TARGET = 13.0;
				MTL_ENABLE_DEBUG_INFO = INCLUDE_SOURCE;
				MTL_FAST_MATH = YES;
				ONLY_ACTIVE_ARCH = YES;
				SDKROOT = macosx;
				SWIFT_ACTIVE_COMPILATION_CONDITIONS = "DEBUG $(inherited)";
				SWIFT_OPTIMIZATION_LEVEL = "-Onone";
			};
			name = Debug;
		};
		3C233D9D2F4F228000CB4EE9 /* Release */ = {
			isa = XCBuildConfiguration;
			buildSettings = {
				ALWAYS_SEARCH_USER_PATHS = NO;
				ASSETCATALOG_COMPILER_GENERATE_SWIFT_ASSET_SYMBOL_EXTENSIONS = YES;
				CLANG_ANALYZER_NONNULL = YES;
				CLANG_ANALYZER_NUMBER_OBJECT_CONVERSION = YES_AGGRESSIVE;
				CLANG_CXX_LANGUAGE_STANDARD = "gnu++20";
				CLANG_ENABLE_MODULES = YES;
				CLANG_ENABLE_OBJC_ARC = YES;
				CLANG_ENABLE_OBJC_WEAK = YES;
				CLANG_WARN_BLOCK_CAPTURE_AUTORELEASING = YES;
				CLANG_WARN_BOOL_CONVERSION = YES;
				CLANG_WARN_COMMA = YES;
				CLANG_WARN_CONSTANT_CONVERSION = YES;
				CLANG_WARN_DEPRECATED_OBJC_IMPLEMENTATIONS = YES;
				CLANG_WARN_DIRECT_OBJC_ISA_USAGE = YES_ERROR;
				CLANG_WARN_DOCUMENTATION_COMMENTS = YES;
				CLANG_WARN_EMPTY_BODY = YES;
				CLANG_WARN_ENUM_CONVERSION = YES;
				CLANG_WARN_INFINITE_RECURSION = YES;
				CLANG_WARN_INT_CONVERSION = YES;
				CLANG_WARN_NON_LITERAL_NULL_CONVERSION = YES;
				CLANG_WARN_OBJC_IMPLICIT_RETAIN_SELF = YES;
				CLANG_WARN_OBJC_LITERAL_CONVERSION = YES;
				CLANG_WARN_OBJC_ROOT_CLASS = YES_ERROR;
				CLANG_WARN_QUOTED_INCLUDE_IN_FRAMEWORK_HEADER = YES;
				CLANG_WARN_RANGE_LOOP_ANALYSIS = YES;
				CLANG_WARN_STRICT_PROTOTYPES = YES;
				CLANG_WARN_SUSPICIOUS_MOVE = YES;
				CLANG_WARN_UNGUARDED_AVAILABILITY = YES_AGGRESSIVE;
				CLANG_WARN_UNREACHABLE_CODE = YES;
				CLANG_WARN__DUPLICATE_METHOD_MATCH = YES;
				COPY_PHASE_STRIP = NO;
				DEBUG_INFORMATION_FORMAT = "dwarf-with-dsym";
				DEVELOPMENT_TEAM = PA8WHP7G46;
				ENABLE_NS_ASSERTIONS = NO;
				ENABLE_STRICT_OBJC_MSGSEND = YES;
				ENABLE_USER_SCRIPT_SANDBOXING = YES;
				GCC_C_LANGUAGE_STANDARD = gnu17;
				GCC_NO_COMMON_BLOCKS = YES;
				GCC_WARN_64_TO_32_BIT_CONVERSION = YES;
				GCC_WARN_ABOUT_RETURN_TYPE = YES_ERROR;
				GCC_WARN_UNDECLARED_SELECTOR = YES;
				GCC_WARN_UNINITIALIZED_AUTOS = YES_AGGRESSIVE;
				GCC_WARN_UNUSED_FUNCTION = YES;
				GCC_WARN_UNUSED_VARIABLE = YES;
				LOCALIZATION_PREFERS_STRING_CATALOGS = YES;
				MACOSX_DEPLOYMENT_TARGET = 13.0;
				MTL_ENABLE_DEBUG_INFO = NO;
				MTL_FAST_MATH = YES;
				SDKROOT = macosx;
				SWIFT_COMPILATION_MODE = wholemodule;
			};
			name = Release;
		};
		3C233D9F2F4F228000CB4EE9 /* Debug */ = {
			isa = XCBuildConfiguration;
			buildSettings = {
				ASSETCATALOG_COMPILER_APPICON_NAME = AppIcon;
				ASSETCATALOG_COMPILER_GLOBAL_ACCENT_COLOR_NAME = AccentColor;
				CODE_SIGN_ENTITLEMENTS = Vidarr/Vidarr.entitlements;
				CODE_SIGN_STYLE = Automatic;
				COMBINE_HIDPI_IMAGES = YES;
				CURRENT_PROJECT_VERSION = 1;
				DEVELOPMENT_TEAM = PA8WHP7G46;
				ENABLE_APP_SANDBOX = YES;
				ENABLE_BLUETOOTH = YES;
				ENABLE_HARDENED_RUNTIME = YES;
				ENABLE_OUTGOING_NETWORK_CONNECTIONS = YES;
				ENABLE_USER_SELECTED_FILES = readonly;
				GENERATE_INFOPLIST_FILE = YES;
				INFOPLIST_KEY_CFBundleIconFile = AppIcon.icns;
				INFOPLIST_KEY_CFBundleIconName = AppIcon;
				INFOPLIST_KEY_NSBluetoothAlwaysUsageDescription = "Passkey sign-in and nearby device authentication use Bluetooth.";
				INFOPLIST_KEY_NSCameraUsageDescription = "Vidarr uses the camera for websites that request video capture.";
				INFOPLIST_KEY_NSHumanReadableCopyright = "";
				INFOPLIST_KEY_NSMicrophoneUsageDescription = "Vidarr uses the microphone for websites that request audio capture.";
				INFOPLIST_KEY_NSPrincipalClass = NSApplication;
				LD_RUNPATH_SEARCH_PATHS = (
					"$(inherited)",
					"@executable_path/../Frameworks",
				);
				MARKETING_VERSION = 0.1.6;
				PRODUCT_BUNDLE_IDENTIFIER = dev.mani.Vidarr;
				PRODUCT_NAME = "$(TARGET_NAME)";
				REGISTER_APP_GROUPS = YES;
				STRING_CATALOG_GENERATE_SYMBOLS = YES;
				SWIFT_APPROACHABLE_CONCURRENCY = YES;
				SWIFT_DEFAULT_ACTOR_ISOLATION = MainActor;
				SWIFT_EMIT_LOC_STRINGS = YES;
				SWIFT_UPCOMING_FEATURE_MEMBER_IMPORT_VISIBILITY = YES;
				SWIFT_VERSION = 5.0;
			};
			name = Debug;
		};
		3C233DA02F4F228000CB4EE9 /* Release */ = {
			isa = XCBuildConfiguration;
			buildSettings = {
				ASSETCATALOG_COMPILER_APPICON_NAME = AppIcon;
				ASSETCATALOG_COMPILER_GLOBAL_ACCENT_COLOR_NAME = AccentColor;
				CODE_SIGN_ENTITLEMENTS = Vidarr/Vidarr.entitlements;
				CODE_SIGN_STYLE = Automatic;
				COMBINE_HIDPI_IMAGES = YES;
				CURRENT_PROJECT_VERSION = 1;
				DEVELOPMENT_TEAM = PA8WHP7G46;
				ENABLE_APP_SANDBOX = YES;
				ENABLE_BLUETOOTH = YES;
				ENABLE_HARDENED_RUNTIME = YES;
				ENABLE_OUTGOING_NETWORK_CONNECTIONS = YES;
				ENABLE_USER_SELECTED_FILES = readonly;
				GENERATE_INFOPLIST_FILE = YES;
				INFOPLIST_KEY_CFBundleIconFile = AppIcon.icns;
				INFOPLIST_KEY_CFBundleIconName = AppIcon;
				INFOPLIST_KEY_NSBluetoothAlwaysUsageDescription = "Passkey sign-in and nearby device authentication use Bluetooth.";
				INFOPLIST_KEY_NSCameraUsageDescription = "Vidarr uses the camera for websites that request video capture.";
				INFOPLIST_KEY_NSHumanReadableCopyright = "";
				INFOPLIST_KEY_NSMicrophoneUsageDescription = "Vidarr uses the microphone for websites that request audio capture.";
				INFOPLIST_KEY_NSPrincipalClass = NSApplication;
				LD_RUNPATH_SEARCH_PATHS = (
					"$(inherited)",
					"@executable_path/../Frameworks",
				);
				MARKETING_VERSION = 0.1.6;
				PRODUCT_BUNDLE_IDENTIFIER = dev.mani.Vidarr;
				PRODUCT_NAME = "$(TARGET_NAME)";
				REGISTER_APP_GROUPS = YES;
				STRING_CATALOG_GENERATE_SYMBOLS = YES;
				SWIFT_APPROACHABLE_CONCURRENCY = YES;
				SWIFT_DEFAULT_ACTOR_ISOLATION = MainActor;
				SWIFT_EMIT_LOC_STRINGS = YES;
				SWIFT_UPCOMING_FEATURE_MEMBER_IMPORT_VISIBILITY = YES;
				SWIFT_VERSION = 5.0;
			};
			name = Release;
		};
		3C233DA22F4F228000CB4EE9 /* Debug */ = {
			isa = XCBuildConfiguration;
			buildSettings = {
				BUNDLE_LOADER = "$(TEST_HOST)";
				CODE_SIGN_STYLE = Automatic;
				CURRENT_PROJECT_VERSION = 1;
				DEVELOPMENT_TEAM = PA8WHP7G46;
				GENERATE_INFOPLIST_FILE = YES;
				MACOSX_DEPLOYMENT_TARGET = 13.0;
				MARKETING_VERSION = 0.1.6;
				PRODUCT_BUNDLE_IDENTIFIER = dev.mani.VidarrTests;
				PRODUCT_NAME = "$(TARGET_NAME)";
				STRING_CATALOG_GENERATE_SYMBOLS = NO;
				SWIFT_APPROACHABLE_CONCURRENCY = YES;
				SWIFT_EMIT_LOC_STRINGS = NO;
				SWIFT_UPCOMING_FEATURE_MEMBER_IMPORT_VISIBILITY = YES;
				SWIFT_VERSION = 5.0;
				TEST_HOST = "$(BUILT_PRODUCTS_DIR)/Vidarr.app/$(BUNDLE_EXECUTABLE_FOLDER_PATH)/Vidarr";
			};
			name = Debug;
		};
		3C233DA32F4F228000CB4EE9 /* Release */ = {
			isa = XCBuildConfiguration;
			buildSettings = {
				BUNDLE_LOADER = "$(TEST_HOST)";
				CODE_SIGN_STYLE = Automatic;
				CURRENT_PROJECT_VERSION = 1;
				DEVELOPMENT_TEAM = PA8WHP7G46;
				GENERATE_INFOPLIST_FILE = YES;
				MACOSX_DEPLOYMENT_TARGET = 13.0;
				MARKETING_VERSION = 0.1.6;
				PRODUCT_BUNDLE_IDENTIFIER = dev.mani.VidarrTests;
				PRODUCT_NAME = "$(TARGET_NAME)";
				STRING_CATALOG_GENERATE_SYMBOLS = NO;
				SWIFT_APPROACHABLE_CONCURRENCY = YES;
				SWIFT_EMIT_LOC_STRINGS = NO;
				SWIFT_UPCOMING_FEATURE_MEMBER_IMPORT_VISIBILITY = YES;
				SWIFT_VERSION = 5.0;
				TEST_HOST = "$(BUILT_PRODUCTS_DIR)/Vidarr.app/$(BUNDLE_EXECUTABLE_FOLDER_PATH)/Vidarr";
			};
			name = Release;
		};
		3C233DA52F4F228000CB4EE9 /* Debug */ = {
			isa = XCBuildConfiguration;
			buildSettings = {
				CODE_SIGN_STYLE = Automatic;
				CURRENT_PROJECT_VERSION = 1;
				DEVELOPMENT_TEAM = PA8WHP7G46;
				GENERATE_INFOPLIST_FILE = YES;
				MARKETING_VERSION = 0.1.6;
				PRODUCT_BUNDLE_IDENTIFIER = dev.mani.VidarrUITests;
				PRODUCT_NAME = "$(TARGET_NAME)";
				STRING_CATALOG_GENERATE_SYMBOLS = NO;
				SWIFT_APPROACHABLE_CONCURRENCY = YES;
				SWIFT_EMIT_LOC_STRINGS = NO;
				SWIFT_UPCOMING_FEATURE_MEMBER_IMPORT_VISIBILITY = YES;
				SWIFT_VERSION = 5.0;
				TEST_TARGET_NAME = Vidarr;
			};
			name = Debug;
		};
		3C233DA62F4F228000CB4EE9 /* Release */ = {
			isa = XCBuildConfiguration;
			buildSettings = {
				CODE_SIGN_STYLE = Automatic;
				CURRENT_PROJECT_VERSION = 1;
				DEVELOPMENT_TEAM = PA8WHP7G46;
				GENERATE_INFOPLIST_FILE = YES;
				MARKETING_VERSION = 0.1.6;
				PRODUCT_BUNDLE_IDENTIFIER = dev.mani.VidarrUITests;
				PRODUCT_NAME = "$(TARGET_NAME)";
				STRING_CATALOG_GENERATE_SYMBOLS = NO;
				SWIFT_APPROACHABLE_CONCURRENCY = YES;
				SWIFT_EMIT_LOC_STRINGS = NO;
				SWIFT_UPCOMING_FEATURE_MEMBER_IMPORT_VISIBILITY = YES;
				SWIFT_VERSION = 5.0;
				TEST_TARGET_NAME = Vidarr;
			};
			name = Release;
		};
/* End XCBuildConfiguration section */

/* Begin XCConfigurationList section */
		3C233D752F4F227E00CB4EE9 /* Build configuration list for PBXProject "Vidarr" */ = {
			isa = XCConfigurationList;
			buildConfigurations = (
				3C233D9C2F4F228000CB4EE9 /* Debug */,
				3C233D9D2F4F228000CB4EE9 /* Release */,
			);
			defaultConfigurationIsVisible = 0;
			defaultConfigurationName = Release;
		};
		3C233D9E2F4F228000CB4EE9 /* Build configuration list for PBXNativeTarget "Vidarr" */ = {
			isa = XCConfigurationList;
			buildConfigurations = (
				3C233D9F2F4F228000CB4EE9 /* Debug */,
				3C233DA02F4F228000CB4EE9 /* Release */,
			);
			defaultConfigurationIsVisible = 0;
			defaultConfigurationName = Release;
		};
		3C233DA12F4F228000CB4EE9 /* Build configuration list for PBXNativeTarget "VidarrTests" */ = {
			isa = XCConfigurationList;
			buildConfigurations = (
				3C233DA22F4F228000CB4EE9 /* Debug */,
				3C233DA32F4F228000CB4EE9 /* Release */,
			);
			defaultConfigurationIsVisible = 0;
			defaultConfigurationName = Release;
		};
		3C233DA42F4F228000CB4EE9 /* Build configuration list for PBXNativeTarget "VidarrUITests" */ = {
			isa = XCConfigurationList;
			buildConfigurations = (
				3C233DA52F4F228000CB4EE9 /* Debug */,
				3C233DA62F4F228000CB4EE9 /* Release */,
			);
			defaultConfigurationIsVisible = 0;
			defaultConfigurationName = Release;
		};
/* End XCConfigurationList section */
	};
	rootObject = 3C233D722F4F227E00CB4EE9 /* Project object */;
}
